
Microsoft Visual Studio Solution File, Format Version 12.00
# Visual Studio Version 17
VisualStudioVersion = 17.5.33516.290
MinimumVisualStudioVersion = 10.0.40219.1
Project("{FAE04EC0-301F-11D3-BF4B-00C04F79EFBC}") = "WindowsFormsApp4", "WindowsFormsApp4\WindowsFormsApp4.csproj", "{D9E307C0-5ACC-4108-A5ED-EBC317E4A7EE}"
EndProject
Project("{FAE04EC0-301F-11D3-BF4B-00C04F79EFBC}") = "CLient", "CLient\CLient.csproj", "{12357370-13A2-4F5B-8D55-538F07096EE1}"
EndProject
Global
	GlobalSection(SolutionConfigurationPlatforms) = preSolution
		Debug|Any CPU = Debug|Any CPU
		Release|Any CPU = Release|Any CPU
	EndGlobalSection
	GlobalSection(ProjectConfigurationPlatforms) = postSolution
		{D9E307C0-5ACC-4108-A5ED-EBC317E4A7EE}.Debug|Any CPU.ActiveCfg = Debug|Any CPU
		{D9E307C0-5ACC-4108-A5ED-EBC317E4A7EE}.Debug|Any CPU.Build.0 = Debug|Any CPU
		{D9E307C0-5ACC-4108-A5ED-EBC317E4A7EE}.Release|Any CPU.ActiveCfg = Release|Any CPU
		{D9E307C0-5ACC-4108-A5ED-EBC317E4A7EE}.Release|Any CPU.Build.0 = Release|Any CPU
		{12357370-13A2-4F5B-8D55-538F07096EE1}.Debug|Any CPU.ActiveCfg = Debug|Any CPU
		{12357370-13A2-4F5B-8D55-538F07096EE1}.Debug|Any CPU.Build.0 = Debug|Any CPU
		{12357370-13A2-4F5B-8D55-538F07096EE1}.Release|Any CPU.ActiveCfg = Release|Any CPU
		{12357370-13A2-4F5B-8D55-538F07096EE1}.Release|Any CPU.Build.0 = Release|Any CPU
	EndGlobalSection
	GlobalSection(SolutionProperties) = preSolution
		HideSolutionNode = FALSE
	EndGlobalSection
	GlobalSection(ExtensibilityGlobals) = postSolution
		SolutionGuid = {B02F4594-2D2E-49BC-B31D-191B396CB317}
	EndGlobalSection
EndGlobal
